// !$*UTF8*$!
{
	archiveVersion = 1;
	classes = {
	};
	objectVersion = 50;
	objects = {

/* Begin PBXBuildFile section */
		8442F908214C658C001984E8 /* StringExtension.swift in Sources */ = {isa = PBXBuildFile; fileRef = 8442F907214C658C001984E8 /* StringExtension.swift */; };
		849DC6EC214ABECC0017EBEC /* ViewExtension.swift in Sources */ = {isa = PBXBuildFile; fileRef = 849DC6EB214ABECC0017EBEC /* ViewExtension.swift */; };
		84A7A52F2146ADA400D2A2CB /* AppDelegate.swift in Sources */ = {isa = PBXBuildFile; fileRef = 84A7A52E2146ADA400D2A2CB /* AppDelegate.swift */; };
		84A7A5312146ADA400D2A2CB /* VoteViewController.swift in Sources */ = {isa = PBXBuildFile; fileRef = 84A7A5302146ADA400D2A2CB /* VoteViewController.swift */; };
		84A7A5342146ADA400D2A2CB /* Main.storyboard in Resources */ = {isa = PBXBuildFile; fileRef = 84A7A5322146ADA400D2A2CB /* Main.storyboard */; };
		84A7A5362146ADA500D2A2CB /* Assets.xcassets in Resources */ = {isa = PBXBuildFile; fileRef = 84A7A5352146ADA500D2A2CB /* Assets.xcassets */; };
		84A7A5392146ADA500D2A2CB /* LaunchScreen.storyboard in Resources */ = {isa = PBXBuildFile; fileRef = 84A7A5372146ADA500D2A2CB /* LaunchScreen.storyboard */; };
		84A7A5412146B1C100D2A2CB /* VerifyNewsViewController.swift in Sources */ = {isa = PBXBuildFile; fileRef = 84A7A5402146B1C100D2A2CB /* VerifyNewsViewController.swift */; };
		84A7A5432146B1E500D2A2CB /* SettingsViewController.swift in Sources */ = {isa = PBXBuildFile; fileRef = 84A7A5422146B1E500D2A2CB /* SettingsViewController.swift */; };
		84A7A5452146B2EA00D2A2CB /* FakeApiConnector.swift in Sources */ = {isa = PBXBuildFile; fileRef = 84A7A5442146B2EA00D2A2CB /* FakeApiConnector.swift */; };
		84A7A5472146B47400D2A2CB /* ViewControllerExtension.swift in Sources */ = {isa = PBXBuildFile; fileRef = 84A7A5462146B47400D2A2CB /* ViewControllerExtension.swift */; };
		84B36E6D214BE18000BCEE92 /* DictionaryExtension.swift in Sources */ = {isa = PBXBuildFile; fileRef = 84B36E6C214BE18000BCEE92 /* DictionaryExtension.swift */; };
		E0146E6C874EF7C45F032C1C /* Pods_FakeApp.framework in Frameworks */ = {isa = PBXBuildFile; fileRef = EC916CB5B9B0C462C9B90E6B /* Pods_FakeApp.framework */; };
/* End PBXBuildFile section */

/* Begin PBXFileReference section */
		3F708B5F6F29BC35140D0A6E /* Pods-FakeApp.debug.xcconfig */ = {isa = PBXFileReference; includeInIndex = 1; lastKnownFileType = text.xcconfig; name = "Pods-FakeApp.debug.xcconfig"; path = "Pods/Target Support Files/Pods-FakeApp/Pods-FakeApp.debug.xcconfig"; sourceTree = "<group>"; };
		8442F907214C658C001984E8 /* StringExtension.swift */ = {isa = PBXFileReference; lastKnownFileType = sourcecode.swift; path = StringExtension.swift; sourceTree = "<group>"; };
		849DC6EB214ABECC0017EBEC /* ViewExtension.swift */ = {isa = PBXFileReference; lastKnownFileType = sourcecode.swift; path = ViewExtension.swift; sourceTree = "<group>"; };
		84A7A52B2146ADA400D2A2CB /* FakeApp.app */ = {isa = PBXFileReference; explicitFileType = wrapper.application; includeInIndex = 0; path = FakeApp.app; sourceTree = BUILT_PRODUCTS_DIR; };
		84A7A52E2146ADA400D2A2CB /* AppDelegate.swift */ = {isa = PBXFileReference; lastKnownFileType = sourcecode.swift; path = AppDelegate.swift; sourceTree = "<group>"; };
		84A7A5302146ADA400D2A2CB /* VoteViewController.swift */ = {isa = PBXFileReference; lastKnownFileType = sourcecode.swift; path = VoteViewController.swift; sourceTree = "<group>"; };
		84A7A5332146ADA400D2A2CB /* Base */ = {isa = PBXFileReference; lastKnownFileType = file.storyboard; name = Base; path = Base.lproj/Main.storyboard; sourceTree = "<group>"; };
		84A7A5352146ADA500D2A2CB /* Assets.xcassets */ = {isa = PBXFileReference; lastKnownFileType = folder.assetcatalog; path = Assets.xcassets; sourceTree = "<group>"; };
		84A7A5382146ADA500D2A2CB /* Base */ = {isa = PBXFileReference; lastKnownFileType = file.storyboard; name = Base; path = Base.lproj/LaunchScreen.storyboard; sourceTree = "<group>"; };
		84A7A53A2146ADA500D2A2CB /* Info.plist */ = {isa = PBXFileReference; lastKnownFileType = text.plist.xml; path = Info.plist; sourceTree = "<group>"; };
		84A7A5402146B1C100D2A2CB /* VerifyNewsViewController.swift */ = {isa = PBXFileReference; lastKnownFileType = sourcecode.swift; path = VerifyNewsViewController.swift; sourceTree = "<group>"; };
		84A7A5422146B1E500D2A2CB /* SettingsViewController.swift */ = {isa = PBXFileReference; lastKnownFileType = sourcecode.swift; path = SettingsViewController.swift; sourceTree = "<group>"; };
		84A7A5442146B2EA00D2A2CB /* FakeApiConnector.swift */ = {isa = PBXFileReference; lastKnownFileType = sourcecode.swift; path = FakeApiConnector.swift; sourceTree = "<group>"; };
		84A7A5462146B47400D2A2CB /* ViewControllerExtension.swift */ = {isa = PBXFileReference; lastKnownFileType = sourcecode.swift; path = ViewControllerExtension.swift; sourceTree = "<group>"; };
		84B36E6C214BE18000BCEE92 /* DictionaryExtension.swift */ = {isa = PBXFileReference; lastKnownFileType = sourcecode.swift; path = DictionaryExtension.swift; sourceTree = "<group>"; };
		D177EBB3FA2F5FFADAC27B16 /* Pods-FakeApp.release.xcconfig */ = {isa = PBXFileReference; includeInIndex = 1; lastKnownFileType = text.xcconfig; name = "Pods-FakeApp.release.xcconfig"; path = "Pods/Target Support Files/Pods-FakeApp/Pods-FakeApp.release.xcconfig"; sourceTree = "<group>"; };
		EC916CB5B9B0C462C9B90E6B /* Pods_FakeApp.framework */ = {isa = PBXFileReference; explicitFileType = wrapper.framework; includeInIndex = 0; path = Pods_FakeApp.framework; sourceTree = BUILT_PRODUCTS_DIR; };
/* End PBXFileReference section */

/* Begin PBXFrameworksBuildPhase section */
		84A7A5282146ADA400D2A2CB /* Frameworks */ = {
			isa = PBXFrameworksBuildPhase;
			buildActionMask = 2147483647;
			files = (
				E0146E6C874EF7C45F032C1C /* Pods_FakeApp.framework in Frameworks */,
			);
			runOnlyForDeploymentPostprocessing = 0;
		};
/* End PBXFrameworksBuildPhase section */

/* Begin PBXGroup section */
		84A7A5222146ADA400D2A2CB = {
			isa = PBXGroup;
			children = (
				84A7A52D2146ADA400D2A2CB /* FakeApp */,
				84A7A52C2146ADA400D2A2CB /* Products */,
				E8B7559EA006A9E2E933AF68 /* Pods */,
				BB64163D7D56294AA0B7979A /* Frameworks */,
			);
			sourceTree = "<group>";
		};
		84A7A52C2146ADA400D2A2CB /* Products */ = {
			isa = PBXGroup;
			children = (
				84A7A52B2146ADA400D2A2CB /* FakeApp.app */,
			);
			name = Products;
			sourceTree = "<group>";
		};
		84A7A52D2146ADA400D2A2CB /* FakeApp */ = {
			isa = PBXGroup;
			children = (
				84A7A52E2146ADA400D2A2CB /* AppDelegate.swift */,
				84A7A5302146ADA400D2A2CB /* VoteViewController.swift */,
				84A7A5402146B1C100D2A2CB /* VerifyNewsViewController.swift */,
				84A7A5422146B1E500D2A2CB /* SettingsViewController.swift */,
				84A7A5322146ADA400D2A2CB /* Main.storyboard */,
				84A7A5352146ADA500D2A2CB /* Assets.xcassets */,
				84A7A5372146ADA500D2A2CB /* LaunchScreen.storyboard */,
				84A7A53A2146ADA500D2A2CB /* Info.plist */,
				84A7A5442146B2EA00D2A2CB /* FakeApiConnector.swift */,
				849DC6EB214ABECC0017EBEC /* ViewExtension.swift */,
				84A7A5462146B47400D2A2CB /* ViewControllerExtension.swift */,
				84B36E6C214BE18000BCEE92 /* DictionaryExtension.swift */,
				8442F907214C658C001984E8 /* StringExtension.swift */,
			);
			path = FakeApp;
			sourceTree = "<group>";
		};
		BB64163D7D56294AA0B7979A /* Frameworks */ = {
			isa = PBXGroup;
			children = (
				EC916CB5B9B0C462C9B90E6B /* Pods_FakeApp.framework */,
			);
			name = Frameworks;
			sourceTree = "<group>";
		};
		E8B7559EA006A9E2E933AF68 /* Pods */ = {
			isa = PBXGroup;
			children = (
				3F708B5F6F29BC35140D0A6E /* Pods-FakeApp.debug.xcconfig */,
				D177EBB3FA2F5FFADAC27B16 /* Pods-FakeApp.release.xcconfig */,
			);
			name = Pods;
			sourceTree = "<group>";
		};
/* End PBXGroup section */

/* Begin PBXNativeTarget section */
		84A7A52A2146ADA400D2A2CB /* FakeApp */ = {
			isa = PBXNativeTarget;
			buildConfigurationList = 84A7A53D2146ADA500D2A2CB /* Build configuration list for PBXNativeTarget "FakeApp" */;
			buildPhases = (
				356A14FE5E3CDFDD0094E27F /* [CP] Check Pods Manifest.lock */,
				84A7A5272146ADA400D2A2CB /* Sources */,
				84A7A5282146ADA400D2A2CB /* Frameworks */,
				84A7A5292146ADA400D2A2CB /* Resources */,
				94F667045C26D1BD5111C979 /* [CP] Embed Pods Frameworks */,
			);
			buildRules = (
			);
			dependencies = (
			);
			name = FakeApp;
			productName = FakeApp;
			productReference = 84A7A52B2146ADA400D2A2CB /* FakeApp.app */;
			productType = "com.apple.product-type.application";
		};
/* End PBXNativeTarget section */

/* Begin PBXProject section */
		84A7A5232146ADA400D2A2CB /* Project object */ = {
			isa = PBXProject;
			attributes = {
				LastSwiftUpdateCheck = 0940;
				LastUpgradeCheck = 0940;
				ORGANIZATIONNAME = "Bruno Scheltzke";
				TargetAttributes = {
					84A7A52A2146ADA400D2A2CB = {
						CreatedOnToolsVersion = 9.4.1;
					};
				};
			};
			buildConfigurationList = 84A7A5262146ADA400D2A2CB /* Build configuration list for PBXProject "FakeApp" */;
			compatibilityVersion = "Xcode 9.3";
			developmentRegion = en;
			hasScannedForEncodings = 0;
			knownRegions = (
				en,
				Base,
			);
			mainGroup = 84A7A5222146ADA400D2A2CB;
			productRefGroup = 84A7A52C2146ADA400D2A2CB /* Products */;
			projectDirPath = "";
			projectRoot = "";
			targets = (
				84A7A52A2146ADA400D2A2CB /* FakeApp */,
			);
		};
/* End PBXProject section */

/* Begin PBXResourcesBuildPhase section */
		84A7A5292146ADA400D2A2CB /* Resources */ = {
			isa = PBXResourcesBuildPhase;
			buildActionMask = 2147483647;
			files = (
				84A7A5392146ADA500D2A2CB /* LaunchScreen.storyboard in Resources */,
				84A7A5362146ADA500D2A2CB /* Assets.xcassets in Resources */,
				84A7A5342146ADA400D2A2CB /* Main.storyboard in Resources */,
			);
			runOnlyForDeploymentPostprocessing = 0;
		};
/* End PBXResourcesBuildPhase section */

/* Begin PBXShellScriptBuildPhase section */
		356A14FE5E3CDFDD0094E27F /* [CP] Check Pods Manifest.lock */ = {
			isa = PBXShellScriptBuildPhase;
			buildActionMask = 2147483647;
			files = (
			);
			inputPaths = (
				"${PODS_PODFILE_DIR_PATH}/Podfile.lock",
				"${PODS_ROOT}/Manifest.lock",
			);
			name = "[CP] Check Pods Manifest.lock";
			outputPaths = (
				"$(DERIVED_FILE_DIR)/Pods-FakeApp-checkManifestLockResult.txt",
			);
			runOnlyForDeploymentPostprocessing = 0;
			shellPath = /bin/sh;
			shellScript = "diff \"${PODS_PODFILE_DIR_PATH}/Podfile.lock\" \"${PODS_ROOT}/Manifest.lock\" > /dev/null\nif [ $? != 0 ] ; then\n    # print error to STDERR\n    echo \"error: The sandbox is not in sync with the Podfile.lock. Run 'pod install' or update your CocoaPods installation.\" >&2\n    exit 1\nfi\n# This output is used by Xcode 'outputs' to avoid re-running this script phase.\necho \"SUCCESS\" > \"${SCRIPT_OUTPUT_FILE_0}\"\n";
			showEnvVarsInLog = 0;
		};
		94F667045C26D1BD5111C979 /* [CP] Embed Pods Frameworks */ = {
			isa = PBXShellScriptBuildPhase;
			buildActionMask = 2147483647;
			files = (
			);
			inputPaths = (
				"${SRCROOT}/Pods/Target Support Files/Pods-FakeApp/Pods-FakeApp-frameworks.sh",
				"${BUILT_PRODUCTS_DIR}/CryptoSwift/CryptoSwift.framework",
			);
			name = "[CP] Embed Pods Frameworks";
			outputPaths = (
				"${TARGET_BUILD_DIR}/${FRAMEWORKS_FOLDER_PATH}/CryptoSwift.framework",
			);
			runOnlyForDeploymentPostprocessing = 0;
			shellPath = /bin/sh;
			shellScript = "\"${SRCROOT}/Pods/Target Support Files/Pods-FakeApp/Pods-FakeApp-frameworks.sh\"\n";
			showEnvVarsInLog = 0;
		};
/* End PBXShellScriptBuildPhase section */

/* Begin PBXSourcesBuildPhase section */
		84A7A5272146ADA400D2A2CB /* Sources */ = {
			isa = PBXSourcesBuildPhase;
			buildActionMask = 2147483647;
			files = (
				84A7A5472146B47400D2A2CB /* ViewControllerExtension.swift in Sources */,
				84A7A5312146ADA400D2A2CB /* VoteViewController.swift in Sources */,
				84A7A5452146B2EA00D2A2CB /* FakeApiConnector.swift in Sources */,
				849DC6EC214ABECC0017EBEC /* ViewExtension.swift in Sources */,
				84A7A52F2146ADA400D2A2CB /* AppDelegate.swift in Sources */,
				8442F908214C658C001984E8 /* StringExtension.swift in Sources */,
				84A7A5412146B1C100D2A2CB /* VerifyNewsViewController.swift in Sources */,
				84A7A5432146B1E500D2A2CB /* SettingsViewController.swift in Sources */,
				84B36E6D214BE18000BCEE92 /* DictionaryExtension.swift in Sources */,
			);
			runOnlyForDeploymentPostprocessing = 0;
		};
/* End PBXSourcesBuildPhase section */

/* Begin PBXVariantGroup section */
		84A7A5322146ADA400D2A2CB /* Main.storyboard */ = {
			isa = PBXVariantGroup;
			children = (
				84A7A5332146ADA400D2A2CB /* Base */,
			);
			name = Main.storyboard;
			sourceTree = "<group>";
		};
		84A7A5372146ADA500D2A2CB /* LaunchScreen.storyboard */ = {
			isa = PBXVariantGroup;
			children = (
				84A7A5382146ADA500D2A2CB /* Base */,
			);
			name = LaunchScreen.storyboard;
			sourceTree = "<group>";
		};
/* End PBXVariantGroup section */

/* Begin XCBuildConfiguration section */
		84A7A53B2146ADA500D2A2CB /* Debug */ = {
			isa = XCBuildConfiguration;
			buildSettings = {
				ALWAYS_SEARCH_USER_PATHS = NO;
				CLANG_ANALYZER_NONNULL = YES;
				CLANG_ANALYZER_NUMBER_OBJECT_CONVERSION = YES_AGGRESSIVE;
				CLANG_CXX_LANGUAGE_STANDARD = "gnu++14";
				CLANG_CXX_LIBRARY = "libc++";
				CLANG_ENABLE_MODULES = YES;
				CLANG_ENABLE_OBJC_ARC = YES;
				CLANG_ENABLE_OBJC_WEAK = YES;
				CLANG_WARN_BLOCK_CAPTURE_AUTORELEASING = YES;
				CLANG_WARN_BOOL_CONVERSION = YES;
				CLANG_WARN_COMMA = YES;
				CLANG_WARN_CONSTANT_CONVERSION = YES;
				CLANG_WARN_DEPRECATED_OBJC_IMPLEMENTATIONS = YES;
				CLANG_WARN_DIRECT_OBJC_ISA_USAGE = YES_ERROR;
				CLANG_WARN_DOCUMENTATION_COMMENTS = YES;
				CLANG_WARN_EMPTY_BODY = YES;
				CLANG_WARN_ENUM_CONVERSION = YES;
				CLANG_WARN_INFINITE_RECURSION = YES;
				CLANG_WARN_INT_CONVERSION = YES;
				CLANG_WARN_NON_LITERAL_NULL_CONVERSION = YES;
				CLANG_WARN_OBJC_IMPLICIT_RETAIN_SELF = YES;
				CLANG_WARN_OBJC_LITERAL_CONVERSION = YES;
				CLANG_WARN_OBJC_ROOT_CLASS = YES_ERROR;
				CLANG_WARN_RANGE_LOOP_ANALYSIS = YES;
				CLANG_WARN_STRICT_PROTOTYPES = YES;
				CLANG_WARN_SUSPICIOUS_MOVE = YES;
				CLANG_WARN_UNGUARDED_AVAILABILITY = YES_AGGRESSIVE;
				CLANG_WARN_UNREACHABLE_CODE = YES;
				CLANG_WARN__DUPLICATE_METHOD_MATCH = YES;
				CODE_SIGN_IDENTITY = "iPhone Developer";
				COPY_PHASE_STRIP = NO;
				DEBUG_INFORMATION_FORMAT = dwarf;
				ENABLE_STRICT_OBJC_MSGSEND = YES;
				ENABLE_TESTABILITY = YES;
				GCC_C_LANGUAGE_STANDARD = gnu11;
				GCC_DYNAMIC_NO_PIC = NO;
				GCC_NO_COMMON_BLOCKS = YES;
				GCC_OPTIMIZATION_LEVEL = 0;
				GCC_PREPROCESSOR_DEFINITIONS = (
					"DEBUG=1",
					"$(inherited)",
				);
				GCC_WARN_64_TO_32_BIT_CONVERSION = YES;
				GCC_WARN_ABOUT_RETURN_TYPE = YES_ERROR;
				GCC_WARN_UNDECLARED_SELECTOR = YES;
				GCC_WARN_UNINITIALIZED_AUTOS = YES_AGGRESSIVE;
				GCC_WARN_UNUSED_FUNCTION = YES;
				GCC_WARN_UNUSED_VARIABLE = YES;
				IPHONEOS_DEPLOYMENT_TARGET = 11.4;
				MTL_ENABLE_DEBUG_INFO = YES;
				ONLY_ACTIVE_ARCH = YES;
				SDKROOT = iphoneos;
				SWIFT_ACTIVE_COMPILATION_CONDITIONS = DEBUG;
				SWIFT_OPTIMIZATION_LEVEL = "-Onone";
			};
			name = Debug;
		};
		84A7A53C2146ADA500D2A2CB /* Release */ = {
			isa = XCBuildConfiguration;
			buildSettings = {
				ALWAYS_SEARCH_USER_PATHS = NO;
				CLANG_ANALYZER_NONNULL = YES;
				CLANG_ANALYZER_NUMBER_OBJECT_CONVERSION = YES_AGGRESSIVE;
				CLANG_CXX_LANGUAGE_STANDARD = "gnu++14";
				CLANG_CXX_LIBRARY = "libc++";
				CLANG_ENABLE_MODULES = YES;
				CLANG_ENABLE_OBJC_ARC = YES;
				CLANG_ENABLE_OBJC_WEAK = YES;
				CLANG_WARN_BLOCK_CAPTURE_AUTORELEASING = YES;
				CLANG_WARN_BOOL_CONVERSION = YES;
				CLANG_WARN_COMMA = YES;
				CLANG_WARN_CONSTANT_CONVERSION = YES;
				CLANG_WARN_DEPRECATED_OBJC_IMPLEMENTATIONS = YES;
				CLANG_WARN_DIRECT_OBJC_ISA_USAGE = YES_ERROR;
				CLANG_WARN_DOCUMENTATION_COMMENTS = YES;
				CLANG_WARN_EMPTY_BODY = YES;
				CLANG_WARN_ENUM_CONVERSION = YES;
				CLANG_WARN_INFINITE_RECURSION = YES;
				CLANG_WARN_INT_CONVERSION = YES;
				CLANG_WARN_NON_LITERAL_NULL_CONVERSION = YES;
				CLANG_WARN_OBJC_IMPLICIT_RETAIN_SELF = YES;
				CLANG_WARN_OBJC_LITERAL_CONVERSION = YES;
				CLANG_WARN_OBJC_ROOT_CLASS = YES_ERROR;
				CLANG_WARN_RANGE_LOOP_ANALYSIS = YES;
				CLANG_WARN_STRICT_PROTOTYPES = YES;
				CLANG_WARN_SUSPICIOUS_MOVE = YES;
				CLANG_WARN_UNGUARDED_AVAILABILITY = YES_AGGRESSIVE;
				CLANG_WARN_UNREACHABLE_CODE = YES;
				CLANG_WARN__DUPLICATE_METHOD_MATCH = YES;
				CODE_SIGN_IDENTITY = "iPhone Developer";
				COPY_PHASE_STRIP = NO;
				DEBUG_INFORMATION_FORMAT = "dwarf-with-dsym";
				ENABLE_NS_ASSERTIONS = NO;
				ENABLE_STRICT_OBJC_MSGSEND = YES;
				GCC_C_LANGUAGE_STANDARD = gnu11;
				GCC_NO_COMMON_BLOCKS = YES;
				GCC_WARN_64_TO_32_BIT_CONVERSION = YES;
				GCC_WARN_ABOUT_RETURN_TYPE = YES_ERROR;
				GCC_WARN_UNDECLARED_SELECTOR = YES;
				GCC_WARN_UNINITIALIZED_AUTOS = YES_AGGRESSIVE;
				GCC_WARN_UNUSED_FUNCTION = YES;
				GCC_WARN_UNUSED_VARIABLE = YES;
				IPHONEOS_DEPLOYMENT_TARGET = 11.4;
				MTL_ENABLE_DEBUG_INFO = NO;
				SDKROOT = iphoneos;
				SWIFT_COMPILATION_MODE = wholemodule;
				SWIFT_OPTIMIZATION_LEVEL = "-O";
				VALIDATE_PRODUCT = YES;
			};
			name = Release;
		};
		84A7A53E2146ADA500D2A2CB /* Debug */ = {
			isa = XCBuildConfiguration;
			baseConfigurationReference = 3F708B5F6F29BC35140D0A6E /* Pods-FakeApp.debug.xcconfig */;
			buildSettings = {
				ASSETCATALOG_COMPILER_APPICON_NAME = AppIcon;
				CODE_SIGN_STYLE = Automatic;
				DEVELOPMENT_TEAM = M3PUPH2NBH;
				INFOPLIST_FILE = FakeApp/Info.plist;
				LD_RUNPATH_SEARCH_PATHS = (
					"$(inherited)",
					"@executable_path/Frameworks",
				);
				PRODUCT_BUNDLE_IDENTIFIER = Scheltzke.FakeApp;
				PRODUCT_NAME = "$(TARGET_NAME)";
				SWIFT_VERSION = 4.0;
				TARGETED_DEVICE_FAMILY = "1,2";
			};
			name = Debug;
		};
		84A7A53F2146ADA500D2A2CB /* Release */ = {
			isa = XCBuildConfiguration;
			baseConfigurationReference = D177EBB3FA2F5FFADAC27B16 /* Pods-FakeApp.release.xcconfig */;
			buildSettings = {
				ASSETCATALOG_COMPILER_APPICON_NAME = AppIcon;
				CODE_SIGN_STYLE = Automatic;
				DEVELOPMENT_TEAM = M3PUPH2NBH;
				INFOPLIST_FILE = FakeApp/Info.plist;
				LD_RUNPATH_SEARCH_PATHS = (
					"$(inherited)",
					"@executable_path/Frameworks",
				);
				PRODUCT_BUNDLE_IDENTIFIER = Scheltzke.FakeApp;
				PRODUCT_NAME = "$(TARGET_NAME)";
				SWIFT_VERSION = 4.0;
				TARGETED_DEVICE_FAMILY = "1,2";
			};
			name = Release;
		};
/* End XCBuildConfiguration section */

/* Begin XCConfigurationList section */
		84A7A5262146ADA400D2A2CB /* Build configuration list for PBXProject "FakeApp" */ = {
			isa = XCConfigurationList;
			buildConfigurations = (
				84A7A53B2146ADA500D2A2CB /* Debug */,
				84A7A53C2146ADA500D2A2CB /* Release */,
			);
			defaultConfigurationIsVisible = 0;
			defaultConfigurationName = Release;
		};
		84A7A53D2146ADA500D2A2CB /* Build configuration list for PBXNativeTarget "FakeApp" */ = {
			isa = XCConfigurationList;
			buildConfigurations = (
				84A7A53E2146ADA500D2A2CB /* Debug */,
				84A7A53F2146ADA500D2A2CB /* Release */,
			);
			defaultConfigurationIsVisible = 0;
			defaultConfigurationName = Release;
		};
/* End XCConfigurationList section */
	};
	rootObject = 84A7A5232146ADA400D2A2CB /* Project object */;
}
